
Microsoft Visual Studio Solution File, Format Version 12.00
# Visual Studio Version 16
VisualStudioVersion = 16.0.31911.196
MinimumVisualStudioVersion = 10.0.40219.1
Project("{FAE04EC0-301F-11D3-BF4B-00C04F79EFBC}") = "BlackJacke21", "BlackJacke21\BlackJacke21.csproj", "{2A952404-6467-4F2E-8553-F75DB5922EE6}"
EndProject
Project("{FAE04EC0-301F-11D3-BF4B-00C04F79EFBC}") = "BlackJacke21Tests", "BlackJacke21Tests\BlackJacke21Tests.csproj", "{F2663067-4A8B-4213-8DFC-7665840E52C1}"
EndProject
Global
	GlobalSection(SolutionConfigurationPlatforms) = preSolution
		Debug|Any CPU = Debug|Any CPU
		Release|Any CPU = Release|Any CPU
	EndGlobalSection
	GlobalSection(ProjectConfigurationPlatforms) = postSolution
		{2A952404-6467-4F2E-8553-F75DB5922EE6}.Debug|Any CPU.ActiveCfg = Debug|Any CPU
		{2A952404-6467-4F2E-8553-F75DB5922EE6}.Debug|Any CPU.Build.0 = Debug|Any CPU
		{2A952404-6467-4F2E-8553-F75DB5922EE6}.Release|Any CPU.ActiveCfg = Release|Any CPU
		{2A952404-6467-4F2E-8553-F75DB5922EE6}.Release|Any CPU.Build.0 = Release|Any CPU
		{F2663067-4A8B-4213-8DFC-7665840E52C1}.Debug|Any CPU.ActiveCfg = Debug|Any CPU
		{F2663067-4A8B-4213-8DFC-7665840E52C1}.Debug|Any CPU.Build.0 = Debug|Any CPU
		{F2663067-4A8B-4213-8DFC-7665840E52C1}.Release|Any CPU.ActiveCfg = Release|Any CPU
		{F2663067-4A8B-4213-8DFC-7665840E52C1}.Release|Any CPU.Build.0 = Release|Any CPU
	EndGlobalSection
	GlobalSection(SolutionProperties) = preSolution
		HideSolutionNode = FALSE
	EndGlobalSection
	GlobalSection(ExtensibilityGlobals) = postSolution
		SolutionGuid = {B0D3E12A-9737-486A-8179-9FB97CD0F685}
	EndGlobalSection
EndGlobal
